
Microsoft Visual Studio Solution File, Format Version 12.00
# Visual Studio Version 17
VisualStudioVersion = 17.9.34902.65
MinimumVisualStudioVersion = 10.0.40219.1
Project("{888888A0-9F3D-457C-B088-3A5042F75D52}") = "embeddings", "embeddings.pyproj", "{EA45AFCD-D1BE-4840-9ED0-6B8BC857E1CA}"
EndProject
Global
	GlobalSection(SolutionConfigurationPlatforms) = preSolution
		Debug|Any CPU = Debug|Any CPU
		Release|Any CPU = Release|Any CPU
	EndGlobalSection
	GlobalSection(ProjectConfigurationPlatforms) = postSolution
		{EA45AFCD-D1BE-4840-9ED0-6B8BC857E1CA}.Debug|Any CPU.ActiveCfg = Debug|Any CPU
		{EA45AFCD-D1BE-4840-9ED0-6B8BC857E1CA}.Release|Any CPU.ActiveCfg = Release|Any CPU
	EndGlobalSection
	GlobalSection(SolutionProperties) = preSolution
		HideSolutionNode = FALSE
	EndGlobalSection
	GlobalSection(ExtensibilityGlobals) = postSolution
		SolutionGuid = {6B04A0D6-F709-4AA8-937C-7DCEC6C8E220}
	EndGlobalSection
EndGlobal
